
Microsoft Visual Studio Solution File, Format Version 12.00
Project("{FAE04EC0-301F-11D3-BF4B-00C04F79EFBC}") = "WorkWithDatabase", "WorkWithDatabase.csproj", "{74E832C5-7ECD-4782-887F-02F13FE1238B}"
EndProject
Global
	GlobalSection(SolutionConfigurationPlatforms) = preSolution
		Debug|Any CPU = Debug|Any CPU
		Release|Any CPU = Release|Any CPU
	EndGlobalSection
	GlobalSection(ProjectConfigurationPlatforms) = postSolution
		{74E832C5-7ECD-4782-887F-02F13FE1238B}.Debug|Any CPU.ActiveCfg = Debug|Any CPU
		{74E832C5-7ECD-4782-887F-02F13FE1238B}.Debug|Any CPU.Build.0 = Debug|Any CPU
		{74E832C5-7ECD-4782-887F-02F13FE1238B}.Release|Any CPU.ActiveCfg = Release|Any CPU
		{74E832C5-7ECD-4782-887F-02F13FE1238B}.Release|Any CPU.Build.0 = Release|Any CPU
	EndGlobalSection
EndGlobal
